Microsoft Visual Studio Solution File, Format Version 9.00
# Visual Studio 2005
Project("{E24C65DC-7377-472B-9ABA-BC803B73C61A}") = "http://localhost/ASPNETAlugen3.5 Simple/", "http://localhost/ASPNETAlugen3.5 Simple", "{73EEFC3A-6595-4472-B826-016554551A44}"
	ProjectSection(WebsiteProperties) = preProject
		Debug.AspNetCompiler.VirtualPath = "/ASPNETAlugen3.5 Simple"
		Debug.AspNetCompiler.PhysicalPath = "..\ASPNETAlugen3.5 Simple\"
		Debug.AspNetCompiler.TargetPath = "..\PrecompiledWeb\ASPNETAlugen3.5 Simple\"
		Debug.AspNetCompiler.Updateable = "true"
		Debug.AspNetCompiler.ForceOverwrite = "true"
		Debug.AspNetCompiler.FixedNames = "false"
		Debug.AspNetCompiler.Debug = "True"
		Release.AspNetCompiler.VirtualPath = "/ASPNETAlugen3.5 Simple"
		Release.AspNetCompiler.PhysicalPath = "..\ASPNETAlugen3.5 Simple\"
		Release.AspNetCompiler.TargetPath = "..\PrecompiledWeb\ASPNETAlugen3.5 Simple\"
		Release.AspNetCompiler.Updateable = "true"
		Release.AspNetCompiler.ForceOverwrite = "true"
		Release.AspNetCompiler.FixedNames = "false"
		Release.AspNetCompiler.Debug = "False"
		SlnRelativePath = "..\ASPNETAlugen3.5 Simple\"
	EndProjectSection
EndProject
Global
	GlobalSection(SolutionConfigurationPlatforms) = preSolution
		Debug|.NET = Debug|.NET
		Release|.NET = Release|.NET
	EndGlobalSection
	GlobalSection(ProjectConfigurationPlatforms) = postSolution
		{73EEFC3A-6595-4472-B826-016554551A44}.Debug|.NET.ActiveCfg = Debug|.NET
		{73EEFC3A-6595-4472-B826-016554551A44}.Debug|.NET.Build.0 = Debug|.NET
		{73EEFC3A-6595-4472-B826-016554551A44}.Release|.NET.ActiveCfg = Debug|.NET
	EndGlobalSection
	GlobalSection(SolutionProperties) = preSolution
		HideSolutionNode = FALSE
	EndGlobalSection
EndGlobal
