Microsoft Visual Studio Solution File, Format Version 8.00
Project("{F184B08F-C81C-45F6-A57F-5ABD9991F28F}") = "ActiveLock3.5.NET", "ActiveLock3.5.NET.vbproj", "{35CA9E6D-C72B-45A2-8588-55979C455E3B}"
	ProjectSection(ProjectDependencies) = postProject
	EndProjectSection
EndProject
Global
	GlobalSection(SolutionConfiguration) = preSolution
		Debug = Debug
		Release = Release
	EndGlobalSection
	GlobalSection(ProjectConfiguration) = postSolution
		{35CA9E6D-C72B-45A2-8588-55979C455E3B}.Debug.ActiveCfg = Debug|.NET
		{35CA9E6D-C72B-45A2-8588-55979C455E3B}.Debug.Build.0 = Debug|.NET
		{35CA9E6D-C72B-45A2-8588-55979C455E3B}.Release.ActiveCfg = Release|.NET
		{35CA9E6D-C72B-45A2-8588-55979C455E3B}.Release.Build.0 = Release|.NET
	EndGlobalSection
	GlobalSection(ExtensibilityGlobals) = postSolution
	EndGlobalSection
	GlobalSection(ExtensibilityAddIns) = postSolution
	EndGlobalSection
EndGlobal
