
Microsoft Visual Studio Solution File, Format Version 10.00
# Visual C# Express 2008
Project("{FAE04EC0-301F-11D3-BF4B-00C04F79EFBC}") = "ActiveLock3_6NET", "ActiveLock3_6NET\ActiveLock3_6NET.csproj", "{FDE10C6C-801E-4E18-8DBD-D97E56883412}"
EndProject
Global
	GlobalSection(SolutionConfigurationPlatforms) = preSolution
		Debug|Any CPU = Debug|Any CPU
		Release|Any CPU = Release|Any CPU
	EndGlobalSection
	GlobalSection(ProjectConfigurationPlatforms) = postSolution
		{FDE10C6C-801E-4E18-8DBD-D97E56883412}.Debug|Any CPU.ActiveCfg = Debug|Any CPU
		{FDE10C6C-801E-4E18-8DBD-D97E56883412}.Debug|Any CPU.Build.0 = Debug|Any CPU
		{FDE10C6C-801E-4E18-8DBD-D97E56883412}.Release|Any CPU.ActiveCfg = Release|Any CPU
		{FDE10C6C-801E-4E18-8DBD-D97E56883412}.Release|Any CPU.Build.0 = Release|Any CPU
	EndGlobalSection
	GlobalSection(SolutionProperties) = preSolution
		HideSolutionNode = FALSE
	EndGlobalSection
EndGlobal
