
Microsoft Visual Studio Solution File, Format Version 10.00
# Visual Studio 2008
Project("{F184B08F-C81C-45F6-A57F-5ABD9991F28F}") = "Date", "Date.vbproj", "{100F35D3-04F0-4F8D-B5E8-DC51BAFB3A46}"
EndProject
Global
	GlobalSection(SolutionConfigurationPlatforms) = preSolution
		Debug|Any CPU = Debug|Any CPU
		Release|Any CPU = Release|Any CPU
	EndGlobalSection
	GlobalSection(ProjectConfigurationPlatforms) = postSolution
		{100F35D3-04F0-4F8D-B5E8-DC51BAFB3A46}.Debug|Any CPU.ActiveCfg = Debug|Any CPU
		{100F35D3-04F0-4F8D-B5E8-DC51BAFB3A46}.Debug|Any CPU.Build.0 = Debug|Any CPU
		{100F35D3-04F0-4F8D-B5E8-DC51BAFB3A46}.Release|Any CPU.ActiveCfg = Release|Any CPU
		{100F35D3-04F0-4F8D-B5E8-DC51BAFB3A46}.Release|Any CPU.Build.0 = Release|Any CPU
	EndGlobalSection
	GlobalSection(SolutionProperties) = preSolution
		HideSolutionNode = FALSE
	EndGlobalSection
EndGlobal
