Microsoft Visual Studio Solution File, Format Version 8.00
Project("{FAE04EC0-301F-11D3-BF4B-00C04F79EFBC}") = "msWebControlsLibrary", "msWebControlsLibrary.csproj", "{5AAAF465-60A6-4561-842B-53FB29F4B4B0}"
	ProjectSection(ProjectDependencies) = postProject
	EndProjectSection
EndProject
Global
	GlobalSection(SolutionConfiguration) = preSolution
		Debug = Debug
		Release = Release
	EndGlobalSection
	GlobalSection(ProjectConfiguration) = postSolution
		{5AAAF465-60A6-4561-842B-53FB29F4B4B0}.Debug.ActiveCfg = Debug|.NET
		{5AAAF465-60A6-4561-842B-53FB29F4B4B0}.Debug.Build.0 = Debug|.NET
		{5AAAF465-60A6-4561-842B-53FB29F4B4B0}.Release.ActiveCfg = Release|.NET
		{5AAAF465-60A6-4561-842B-53FB29F4B4B0}.Release.Build.0 = Release|.NET
	EndGlobalSection
	GlobalSection(ExtensibilityGlobals) = postSolution
	EndGlobalSection
	GlobalSection(ExtensibilityAddIns) = postSolution
	EndGlobalSection
EndGlobal
